// !$*UTF8*$!
{
	archiveVersion = 1;
	classes = {
	};
	objectVersion = 51;
	objects = {

/* Begin PBXBuildFile section */
		00ACEF166C29116EDC0A5EFE /* Pods_CharSerTests.framework in Frameworks */ = {isa = PBXBuildFile; fileRef = A78DEEFE0C75CF0518342849 /* Pods_CharSerTests.framework */; };
		19E684BCCB84FA6B48F542F9 /* Pods_CharSer.framework in Frameworks */ = {isa = PBXBuildFile; fileRef = FC75D525774BB593CB10C49A /* Pods_CharSer.framework */; };
		332968AF255DB43100FACA5B /* CDSetPrices+CoreDataClass.swift in Sources */ = {isa = PBXBuildFile; fileRef = 3352955B255479B000CD0705 /* CDSetPrices+CoreDataClass.swift */; };
		332968B3255DB45B00FACA5B /* CDSetPrices+CoreDataProperties.swift in Sources */ = {isa = PBXBuildFile; fileRef = 3352955C255479B000CD0705 /* CDSetPrices+CoreDataProperties.swift */; };
		332968B7255DB45D00FACA5B /* CDSetPricesVTPrices+CoreDataClass.swift in Sources */ = {isa = PBXBuildFile; fileRef = 3352955D255479B000CD0705 /* CDSetPricesVTPrices+CoreDataClass.swift */; };
		332968BB255DB46000FACA5B /* CDSetPricesVTPrices+CoreDataProperties.swift in Sources */ = {isa = PBXBuildFile; fileRef = 3352955E255479B000CD0705 /* CDSetPricesVTPrices+CoreDataProperties.swift */; };
		332968BF255DB46200FACA5B /* CDChargObjects+CoreDataClass.swift in Sources */ = {isa = PBXBuildFile; fileRef = 3352950B25506B3B00CD0705 /* CDChargObjects+CoreDataClass.swift */; };
		332968C3255DB46500FACA5B /* CDChargObjects+CoreDataProperties.swift in Sources */ = {isa = PBXBuildFile; fileRef = 3352950C25506B3B00CD0705 /* CDChargObjects+CoreDataProperties.swift */; };
		332968C7255DB46900FACA5B /* CDCustomers+CoreDataClass.swift in Sources */ = {isa = PBXBuildFile; fileRef = 3352950D25506B3B00CD0705 /* CDCustomers+CoreDataClass.swift */; };
		332968CB255DB46C00FACA5B /* CDCustomers+CoreDataProperties.swift in Sources */ = {isa = PBXBuildFile; fileRef = 3352950E25506B3B00CD0705 /* CDCustomers+CoreDataProperties.swift */; };
		332968CF255DB46E00FACA5B /* CDUsers+CoreDataClass.swift in Sources */ = {isa = PBXBuildFile; fileRef = 33393850254EA44700EA9457 /* CDUsers+CoreDataClass.swift */; };
		332968D0255DB47100FACA5B /* CDUsers+CoreDataProperties.swift in Sources */ = {isa = PBXBuildFile; fileRef = 33393851254EA44700EA9457 /* CDUsers+CoreDataProperties.swift */; };
		33336FAD254D52A2004EE9AF /* СhargObject.swift in Sources */ = {isa = PBXBuildFile; fileRef = 33336FAC254D52A2004EE9AF /* СhargObject.swift */; };
		33336FB3254D5377004EE9AF /* ChargObjects.storyboard in Resources */ = {isa = PBXBuildFile; fileRef = 33336FB2254D5377004EE9AF /* ChargObjects.storyboard */; };
		33336FBB254D5516004EE9AF /* СhargObjectsViewController.swift in Sources */ = {isa = PBXBuildFile; fileRef = 33336FBA254D5516004EE9AF /* СhargObjectsViewController.swift */; };
		33336FC0254D552A004EE9AF /* СhargObjectsTableViewController.swift in Sources */ = {isa = PBXBuildFile; fileRef = 33336FBF254D552A004EE9AF /* СhargObjectsTableViewController.swift */; };
		33336FC8254D5B87004EE9AF /* ReferenceObject.swift in Sources */ = {isa = PBXBuildFile; fileRef = 33336FC7254D5B87004EE9AF /* ReferenceObject.swift */; };
		33336FD0254D5BDF004EE9AF /* ReferenceModel.swift in Sources */ = {isa = PBXBuildFile; fileRef = 33336FCF254D5BDF004EE9AF /* ReferenceModel.swift */; };
		33336FD8254D852C004EE9AF /* СhargObjectTableViewCell.swift in Sources */ = {isa = PBXBuildFile; fileRef = 33336FD7254D852C004EE9AF /* СhargObjectTableViewCell.swift */; };
		33336FDD254D8666004EE9AF /* ChargObjectsListCoordinator.swift in Sources */ = {isa = PBXBuildFile; fileRef = 33336FDC254D8666004EE9AF /* ChargObjectsListCoordinator.swift */; };
		33393832254E9A2700EA9457 /* CharSer.xcdatamodeld in Sources */ = {isa = PBXBuildFile; fileRef = 33393830254E9A2700EA9457 /* CharSer.xcdatamodeld */; };
		33393838254E9D6200EA9457 /* DBCoreData.swift in Sources */ = {isa = PBXBuildFile; fileRef = 33393837254E9D6200EA9457 /* DBCoreData.swift */; };
		3352952D2552F86100CD0705 /* SetPricesListCoordinator.swift in Sources */ = {isa = PBXBuildFile; fileRef = 3352952C2552F86100CD0705 /* SetPricesListCoordinator.swift */; };
		335295352552F88B00CD0705 /* SetPricesViewController.swift in Sources */ = {isa = PBXBuildFile; fileRef = 335295342552F88B00CD0705 /* SetPricesViewController.swift */; };
		3352953A2552F8B100CD0705 /* SetPricesTableViewController.swift in Sources */ = {isa = PBXBuildFile; fileRef = 335295392552F8B100CD0705 /* SetPricesTableViewController.swift */; };
		3352953F2552F8E000CD0705 /* SetPricesTableViewCell.swift in Sources */ = {isa = PBXBuildFile; fileRef = 3352953E2552F8E000CD0705 /* SetPricesTableViewCell.swift */; };
		335295442552F8F700CD0705 /* SetPrices.storyboard in Resources */ = {isa = PBXBuildFile; fileRef = 335295432552F8F700CD0705 /* SetPrices.storyboard */; };
		335295492552FFFB00CD0705 /* SetPricesVTTableViewCell.swift in Sources */ = {isa = PBXBuildFile; fileRef = 335295482552FFFB00CD0705 /* SetPricesVTTableViewCell.swift */; };
		3352954E255465B700CD0705 /* SetPrices.swift in Sources */ = {isa = PBXBuildFile; fileRef = 3352954D255465B700CD0705 /* SetPrices.swift */; };
		335295542554690700CD0705 /* AlertManager.swift in Sources */ = {isa = PBXBuildFile; fileRef = 335295532554690700CD0705 /* AlertManager.swift */; };
		336DC92A2535CFE600F9D3B2 /* DataBase.swift in Sources */ = {isa = PBXBuildFile; fileRef = 336DC9292535CFE600F9D3B2 /* DataBase.swift */; };
		336DC9342536117300F9D3B2 /* ApplicationCoordinator.swift in Sources */ = {isa = PBXBuildFile; fileRef = 336DC9322536117300F9D3B2 /* ApplicationCoordinator.swift */; };
		336DC9352536117300F9D3B2 /* BaseCoordinator.swift in Sources */ = {isa = PBXBuildFile; fileRef = 336DC9332536117300F9D3B2 /* BaseCoordinator.swift */; };
		336DC93B253611BE00F9D3B2 /* Session.swift in Sources */ = {isa = PBXBuildFile; fileRef = 336DC93A253611BE00F9D3B2 /* Session.swift */; };
		336DC941253612A500F9D3B2 /* User.swift in Sources */ = {isa = PBXBuildFile; fileRef = 336DC940253612A500F9D3B2 /* User.swift */; };
		336DC9492536171D00F9D3B2 /* Users.storyboard in Resources */ = {isa = PBXBuildFile; fileRef = 336DC9482536171D00F9D3B2 /* Users.storyboard */; };
		336DC94E25361ED800F9D3B2 /* UserCoordinator.swift in Sources */ = {isa = PBXBuildFile; fileRef = 336DC94D25361ED800F9D3B2 /* UserCoordinator.swift */; };
		336DC95325361F3300F9D3B2 /* UserViewController.swift in Sources */ = {isa = PBXBuildFile; fileRef = 336DC95225361F3300F9D3B2 /* UserViewController.swift */; };
		339ADA9A253778D10054C624 /* LoginViewController.swift in Sources */ = {isa = PBXBuildFile; fileRef = 339ADA99253778D10054C624 /* LoginViewController.swift */; };
		339ADA9F25377B9C0054C624 /* LoginCoordinator.swift in Sources */ = {isa = PBXBuildFile; fileRef = 339ADA9E25377B9C0054C624 /* LoginCoordinator.swift */; };
		339ADAA725377D2C0054C624 /* MainDesktopCoordinator.swift in Sources */ = {isa = PBXBuildFile; fileRef = 339ADAA625377D2C0054C624 /* MainDesktopCoordinator.swift */; };
		33C6A2222532F56F00C299E9 /* AppDelegate.swift in Sources */ = {isa = PBXBuildFile; fileRef = 33C6A2212532F56F00C299E9 /* AppDelegate.swift */; };
		33C6A2242532F56F00C299E9 /* SceneDelegate.swift in Sources */ = {isa = PBXBuildFile; fileRef = 33C6A2232532F56F00C299E9 /* SceneDelegate.swift */; };
		33C6A2292532F56F00C299E9 /* Main.storyboard in Resources */ = {isa = PBXBuildFile; fileRef = 33C6A2272532F56F00C299E9 /* Main.storyboard */; };
		33C6A22B2532F57200C299E9 /* Assets.xcassets in Resources */ = {isa = PBXBuildFile; fileRef = 33C6A22A2532F57200C299E9 /* Assets.xcassets */; };
		33C6A22E2532F57200C299E9 /* LaunchScreen.storyboard in Resources */ = {isa = PBXBuildFile; fileRef = 33C6A22C2532F57200C299E9 /* LaunchScreen.storyboard */; };
		33C6A2392532F57200C299E9 /* CharSerTests.swift in Sources */ = {isa = PBXBuildFile; fileRef = 33C6A2382532F57200C299E9 /* CharSerTests.swift */; };
		33C6A2442532F57200C299E9 /* CharSerUITests.swift in Sources */ = {isa = PBXBuildFile; fileRef = 33C6A2432532F57200C299E9 /* CharSerUITests.swift */; };
		33C6A6C7253AF82600DE32B9 /* mainMenu.storyboard in Resources */ = {isa = PBXBuildFile; fileRef = 33C6A6C6253AF82600DE32B9 /* mainMenu.storyboard */; };
		33C6A6CC253AF8F800DE32B9 /* MainMenuViewController.swift in Sources */ = {isa = PBXBuildFile; fileRef = 33C6A6CB253AF8F800DE32B9 /* MainMenuViewController.swift */; };
		33C6A6D1253AFC2E00DE32B9 /* MainMenuCoordinator.swift in Sources */ = {isa = PBXBuildFile; fileRef = 33C6A6D0253AFC2E00DE32B9 /* MainMenuCoordinator.swift */; };
		33C6A6D9253AFF3700DE32B9 /* MainDesktopViewController.swift in Sources */ = {isa = PBXBuildFile; fileRef = 33C6A6D8253AFF3700DE32B9 /* MainDesktopViewController.swift */; };
		33C6A6E1253C1BE700DE32B9 /* MainDesktopNavigationController.swift in Sources */ = {isa = PBXBuildFile; fileRef = 33C6A6E0253C1BE700DE32B9 /* MainDesktopNavigationController.swift */; };
		33C6A6E8253C1C8500DE32B9 /* MainMenuPopTransitionAnimator.swift in Sources */ = {isa = PBXBuildFile; fileRef = 33C6A6E6253C1C8400DE32B9 /* MainMenuPopTransitionAnimator.swift */; };
		33C6A6E9253C1C8500DE32B9 /* MainMenuPushTransitionAnimator.swift in Sources */ = {isa = PBXBuildFile; fileRef = 33C6A6E7253C1C8500DE32B9 /* MainMenuPushTransitionAnimator.swift */; };
		33C6A6FA253C343300DE32B9 /* UsersListTableViewController.swift in Sources */ = {isa = PBXBuildFile; fileRef = 33C6A6F9253C343300DE32B9 /* UsersListTableViewController.swift */; };
		33C6A700253C34BD00DE32B9 /* UsersListTableViewCell.swift in Sources */ = {isa = PBXBuildFile; fileRef = 33C6A6FF253C34BD00DE32B9 /* UsersListTableViewCell.swift */; };
		33C6A708253E082E00DE32B9 /* UserListCoordinator.swift in Sources */ = {isa = PBXBuildFile; fileRef = 33C6A707253E082E00DE32B9 /* UserListCoordinator.swift */; };
		33D5EDF025474685007FB45F /* Customers.storyboard in Resources */ = {isa = PBXBuildFile; fileRef = 33D5EDEF25474685007FB45F /* Customers.storyboard */; };
		33D5EDF5254749E7007FB45F /* CustomersListTableViewController.swift in Sources */ = {isa = PBXBuildFile; fileRef = 33D5EDF4254749E7007FB45F /* CustomersListTableViewController.swift */; };
		33D5EDFA25474A02007FB45F /* CustomerViewController.swift in Sources */ = {isa = PBXBuildFile; fileRef = 33D5EDF925474A02007FB45F /* CustomerViewController.swift */; };
		33D5EDFF25474A35007FB45F /* CustomerListTableViewCell.swift in Sources */ = {isa = PBXBuildFile; fileRef = 33D5EDFE25474A35007FB45F /* CustomerListTableViewCell.swift */; };
		33D5EE0425474B00007FB45F /* Customer.swift in Sources */ = {isa = PBXBuildFile; fileRef = 33D5EE0325474B00007FB45F /* Customer.swift */; };
		33D5EE09254887C3007FB45F /* CustomersListCoordinator.swift in Sources */ = {isa = PBXBuildFile; fileRef = 33D5EE08254887C3007FB45F /* CustomersListCoordinator.swift */; };
		8A87C29EE3DA63C0146323BF /* Pods_CharSer_CharSerUITests.framework in Frameworks */ = {isa = PBXBuildFile; fileRef = 2B462FCAF2C25D9C9264CA55 /* Pods_CharSer_CharSerUITests.framework */; };
/* End PBXBuildFile section */

/* Begin PBXContainerItemProxy section */
		33C6A2352532F57200C299E9 /* PBXContainerItemProxy */ = {
			isa = PBXContainerItemProxy;
			containerPortal = 33C6A2162532F56F00C299E9 /* Project object */;
			proxyType = 1;
			remoteGlobalIDString = 33C6A21D2532F56F00C299E9;
			remoteInfo = CharSer;
		};
		33C6A2402532F57200C299E9 /* PBXContainerItemProxy */ = {
			isa = PBXContainerItemProxy;
			containerPortal = 33C6A2162532F56F00C299E9 /* Project object */;
			proxyType = 1;
			remoteGlobalIDString = 33C6A21D2532F56F00C299E9;
			remoteInfo = CharSer;
		};
/* End PBXContainerItemProxy section */

/* Begin PBXFileReference section */
		2B462FCAF2C25D9C9264CA55 /* Pods_CharSer_CharSerUITests.framework */ = {isa = PBXFileReference; explicitFileType = wrapper.framework; includeInIndex = 0; path = Pods_CharSer_CharSerUITests.framework; sourceTree = BUILT_PRODUCTS_DIR; };
		33336FAC254D52A2004EE9AF /* СhargObject.swift */ = {isa = PBXFileReference; lastKnownFileType = sourcecode.swift; path = "СhargObject.swift"; sourceTree = "<group>"; };
		33336FB2254D5377004EE9AF /* ChargObjects.storyboard */ = {isa = PBXFileReference; lastKnownFileType = file.storyboard; path = ChargObjects.storyboard; sourceTree = "<group>"; };
		33336FBA254D5516004EE9AF /* СhargObjectsViewController.swift */ = {isa = PBXFileReference; lastKnownFileType = sourcecode.swift; path = "СhargObjectsViewController.swift"; sourceTree = "<group>"; };
		33336FBF254D552A004EE9AF /* СhargObjectsTableViewController.swift */ = {isa = PBXFileReference; lastKnownFileType = sourcecode.swift; path = "СhargObjectsTableViewController.swift"; sourceTree = "<group>"; };
		33336FC7254D5B87004EE9AF /* ReferenceObject.swift */ = {isa = PBXFileReference; lastKnownFileType = sourcecode.swift; path = ReferenceObject.swift; sourceTree = "<group>"; };
		33336FCF254D5BDF004EE9AF /* ReferenceModel.swift */ = {isa = PBXFileReference; lastKnownFileType = sourcecode.swift; path = ReferenceModel.swift; sourceTree = "<group>"; };
		33336FD7254D852C004EE9AF /* СhargObjectTableViewCell.swift */ = {isa = PBXFileReference; lastKnownFileType = sourcecode.swift; path = "СhargObjectTableViewCell.swift"; sourceTree = "<group>"; };
		33336FDC254D8666004EE9AF /* ChargObjectsListCoordinator.swift */ = {isa = PBXFileReference; lastKnownFileType = sourcecode.swift; path = ChargObjectsListCoordinator.swift; sourceTree = "<group>"; };
		33393831254E9A2700EA9457 /* CharSer.xcdatamodel */ = {isa = PBXFileReference; lastKnownFileType = wrapper.xcdatamodel; path = CharSer.xcdatamodel; sourceTree = "<group>"; };
		33393837254E9D6200EA9457 /* DBCoreData.swift */ = {isa = PBXFileReference; lastKnownFileType = sourcecode.swift; path = DBCoreData.swift; sourceTree = "<group>"; };
		33393850254EA44700EA9457 /* CDUsers+CoreDataClass.swift */ = {isa = PBXFileReference; lastKnownFileType = sourcecode.swift; path = "CDUsers+CoreDataClass.swift"; sourceTree = SOURCE_ROOT; };
		33393851254EA44700EA9457 /* CDUsers+CoreDataProperties.swift */ = {isa = PBXFileReference; lastKnownFileType = sourcecode.swift; path = "CDUsers+CoreDataProperties.swift"; sourceTree = SOURCE_ROOT; };
		3352950B25506B3B00CD0705 /* CDChargObjects+CoreDataClass.swift */ = {isa = PBXFileReference; lastKnownFileType = sourcecode.swift; path = "CDChargObjects+CoreDataClass.swift"; sourceTree = SOURCE_ROOT; };
		3352950C25506B3B00CD0705 /* CDChargObjects+CoreDataProperties.swift */ = {isa = PBXFileReference; lastKnownFileType = sourcecode.swift; path = "CDChargObjects+CoreDataProperties.swift"; sourceTree = SOURCE_ROOT; };
		3352950D25506B3B00CD0705 /* CDCustomers+CoreDataClass.swift */ = {isa = PBXFileReference; lastKnownFileType = sourcecode.swift; path = "CDCustomers+CoreDataClass.swift"; sourceTree = SOURCE_ROOT; };
		3352950E25506B3B00CD0705 /* CDCustomers+CoreDataProperties.swift */ = {isa = PBXFileReference; lastKnownFileType = sourcecode.swift; path = "CDCustomers+CoreDataProperties.swift"; sourceTree = SOURCE_ROOT; };
		3352952C2552F86100CD0705 /* SetPricesListCoordinator.swift */ = {isa = PBXFileReference; lastKnownFileType = sourcecode.swift; path = SetPricesListCoordinator.swift; sourceTree = "<group>"; };
		335295342552F88B00CD0705 /* SetPricesViewController.swift */ = {isa = PBXFileReference; lastKnownFileType = sourcecode.swift; path = SetPricesViewController.swift; sourceTree = "<group>"; };
		335295392552F8B100CD0705 /* SetPricesTableViewController.swift */ = {isa = PBXFileReference; lastKnownFileType = sourcecode.swift; path = SetPricesTableViewController.swift; sourceTree = "<group>"; };
		3352953E2552F8E000CD0705 /* SetPricesTableViewCell.swift */ = {isa = PBXFileReference; lastKnownFileType = sourcecode.swift; path = SetPricesTableViewCell.swift; sourceTree = "<group>"; };
		335295432552F8F700CD0705 /* SetPrices.storyboard */ = {isa = PBXFileReference; lastKnownFileType = file.storyboard; path = SetPrices.storyboard; sourceTree = "<group>"; };
		335295482552FFFB00CD0705 /* SetPricesVTTableViewCell.swift */ = {isa = PBXFileReference; lastKnownFileType = sourcecode.swift; path = SetPricesVTTableViewCell.swift; sourceTree = "<group>"; };
		3352954D255465B700CD0705 /* SetPrices.swift */ = {isa = PBXFileReference; lastKnownFileType = sourcecode.swift; path = SetPrices.swift; sourceTree = "<group>"; };
		335295532554690700CD0705 /* AlertManager.swift */ = {isa = PBXFileReference; lastKnownFileType = sourcecode.swift; path = AlertManager.swift; sourceTree = "<group>"; };
		3352955B255479B000CD0705 /* CDSetPrices+CoreDataClass.swift */ = {isa = PBXFileReference; lastKnownFileType = sourcecode.swift; path = "CDSetPrices+CoreDataClass.swift"; sourceTree = SOURCE_ROOT; };
		3352955C255479B000CD0705 /* CDSetPrices+CoreDataProperties.swift */ = {isa = PBXFileReference; lastKnownFileType = sourcecode.swift; path = "CDSetPrices+CoreDataProperties.swift"; sourceTree = SOURCE_ROOT; };
		3352955D255479B000CD0705 /* CDSetPricesVTPrices+CoreDataClass.swift */ = {isa = PBXFileReference; lastKnownFileType = sourcecode.swift; path = "CDSetPricesVTPrices+CoreDataClass.swift"; sourceTree = SOURCE_ROOT; };
		3352955E255479B000CD0705 /* CDSetPricesVTPrices+CoreDataProperties.swift */ = {isa = PBXFileReference; lastKnownFileType = sourcecode.swift; path = "CDSetPricesVTPrices+CoreDataProperties.swift"; sourceTree = SOURCE_ROOT; };
		336DC9292535CFE600F9D3B2 /* DataBase.swift */ = {isa = PBXFileReference; lastKnownFileType = sourcecode.swift; path = DataBase.swift; sourceTree = "<group>"; };
		336DC9322536117300F9D3B2 /* ApplicationCoordinator.swift */ = {isa = PBXFileReference; fileEncoding = 4; lastKnownFileType = sourcecode.swift; path = ApplicationCoordinator.swift; sourceTree = "<group>"; };
		336DC9332536117300F9D3B2 /* BaseCoordinator.swift */ = {isa = PBXFileReference; fileEncoding = 4; lastKnownFileType = sourcecode.swift; path = BaseCoordinator.swift; sourceTree = "<group>"; };
		336DC93A253611BE00F9D3B2 /* Session.swift */ = {isa = PBXFileReference; fileEncoding = 4; lastKnownFileType = sourcecode.swift; path = Session.swift; sourceTree = "<group>"; };
		336DC940253612A500F9D3B2 /* User.swift */ = {isa = PBXFileReference; lastKnownFileType = sourcecode.swift; path = User.swift; sourceTree = "<group>"; };
		336DC9482536171D00F9D3B2 /* Users.storyboard */ = {isa = PBXFileReference; lastKnownFileType = file.storyboard; path = Users.storyboard; sourceTree = "<group>"; };
		336DC94D25361ED800F9D3B2 /* UserCoordinator.swift */ = {isa = PBXFileReference; lastKnownFileType = sourcecode.swift; path = UserCoordinator.swift; sourceTree = "<group>"; };
		336DC95225361F3300F9D3B2 /* UserViewController.swift */ = {isa = PBXFileReference; lastKnownFileType = sourcecode.swift; path = UserViewController.swift; sourceTree = "<group>"; };
		339ADA99253778D10054C624 /* LoginViewController.swift */ = {isa = PBXFileReference; lastKnownFileType = sourcecode.swift; path = LoginViewController.swift; sourceTree = "<group>"; };
		339ADA9E25377B9C0054C624 /* LoginCoordinator.swift */ = {isa = PBXFileReference; lastKnownFileType = sourcecode.swift; path = LoginCoordinator.swift; sourceTree = "<group>"; };
		339ADAA625377D2C0054C624 /* MainDesktopCoordinator.swift */ = {isa = PBXFileReference; lastKnownFileType = sourcecode.swift; path = MainDesktopCoordinator.swift; sourceTree = "<group>"; };
		33C6A21E2532F56F00C299E9 /* CharSer.app */ = {isa = PBXFileReference; explicitFileType = wrapper.application; includeInIndex = 0; path = CharSer.app; sourceTree = BUILT_PRODUCTS_DIR; };
		33C6A2212532F56F00C299E9 /* AppDelegate.swift */ = {isa = PBXFileReference; lastKnownFileType = sourcecode.swift; path = AppDelegate.swift; sourceTree = "<group>"; };
		33C6A2232532F56F00C299E9 /* SceneDelegate.swift */ = {isa = PBXFileReference; lastKnownFileType = sourcecode.swift; path = SceneDelegate.swift; sourceTree = "<group>"; };
		33C6A2282532F56F00C299E9 /* Base */ = {isa = PBXFileReference; lastKnownFileType = file.storyboard; name = Base; path = Base.lproj/Main.storyboard; sourceTree = "<group>"; };
		33C6A22A2532F57200C299E9 /* Assets.xcassets */ = {isa = PBXFileReference; lastKnownFileType = folder.assetcatalog; path = Assets.xcassets; sourceTree = "<group>"; };
		33C6A22D2532F57200C299E9 /* Base */ = {isa = PBXFileReference; lastKnownFileType = file.storyboard; name = Base; path = Base.lproj/LaunchScreen.storyboard; sourceTree = "<group>"; };
		33C6A22F2532F57200C299E9 /* Info.plist */ = {isa = PBXFileReference; lastKnownFileType = text.plist.xml; path = Info.plist; sourceTree = "<group>"; };
		33C6A2342532F57200C299E9 /* CharSerTests.xctest */ = {isa = PBXFileReference; explicitFileType = wrapper.cfbundle; includeInIndex = 0; path = CharSerTests.xctest; sourceTree = BUILT_PRODUCTS_DIR; };
		33C6A2382532F57200C299E9 /* CharSerTests.swift */ = {isa = PBXFileReference; lastKnownFileType = sourcecode.swift; path = CharSerTests.swift; sourceTree = "<group>"; };
		33C6A23A2532F57200C299E9 /* Info.plist */ = {isa = PBXFileReference; lastKnownFileType = text.plist.xml; path = Info.plist; sourceTree = "<group>"; };
		33C6A23F2532F57200C299E9 /* CharSerUITests.xctest */ = {isa = PBXFileReference; explicitFileType = wrapper.cfbundle; includeInIndex = 0; path = CharSerUITests.xctest; sourceTree = BUILT_PRODUCTS_DIR; };
		33C6A2432532F57200C299E9 /* CharSerUITests.swift */ = {isa = PBXFileReference; lastKnownFileType = sourcecode.swift; path = CharSerUITests.swift; sourceTree = "<group>"; };
		33C6A2452532F57200C299E9 /* Info.plist */ = {isa = PBXFileReference; lastKnownFileType = text.plist.xml; path = Info.plist; sourceTree = "<group>"; };
		33C6A6C6253AF82600DE32B9 /* mainMenu.storyboard */ = {isa = PBXFileReference; lastKnownFileType = file.storyboard; path = mainMenu.storyboard; sourceTree = "<group>"; };
		33C6A6CB253AF8F800DE32B9 /* MainMenuViewController.swift */ = {isa = PBXFileReference; lastKnownFileType = sourcecode.swift; path = MainMenuViewController.swift; sourceTree = "<group>"; };
		33C6A6D0253AFC2E00DE32B9 /* MainMenuCoordinator.swift */ = {isa = PBXFileReference; lastKnownFileType = sourcecode.swift; path = MainMenuCoordinator.swift; sourceTree = "<group>"; };
		33C6A6D8253AFF3700DE32B9 /* MainDesktopViewController.swift */ = {isa = PBXFileReference; lastKnownFileType = sourcecode.swift; path = MainDesktopViewController.swift; sourceTree = "<group>"; };
		33C6A6E0253C1BE700DE32B9 /* MainDesktopNavigationController.swift */ = {isa = PBXFileReference; lastKnownFileType = sourcecode.swift; path = MainDesktopNavigationController.swift; sourceTree = "<group>"; };
		33C6A6E6253C1C8400DE32B9 /* MainMenuPopTransitionAnimator.swift */ = {isa = PBXFileReference; fileEncoding = 4; lastKnownFileType = sourcecode.swift; path = MainMenuPopTransitionAnimator.swift; sourceTree = "<group>"; };
		33C6A6E7253C1C8500DE32B9 /* MainMenuPushTransitionAnimator.swift */ = {isa = PBXFileReference; fileEncoding = 4; lastKnownFileType = sourcecode.swift; path = MainMenuPushTransitionAnimator.swift; sourceTree = "<group>"; };
		33C6A6F9253C343300DE32B9 /* UsersListTableViewController.swift */ = {isa = PBXFileReference; lastKnownFileType = sourcecode.swift; path = UsersListTableViewController.swift; sourceTree = "<group>"; };
		33C6A6FF253C34BD00DE32B9 /* UsersListTableViewCell.swift */ = {isa = PBXFileReference; lastKnownFileType = sourcecode.swift; path = UsersListTableViewCell.swift; sourceTree = "<group>"; };
		33C6A707253E082E00DE32B9 /* UserListCoordinator.swift */ = {isa = PBXFileReference; lastKnownFileType = sourcecode.swift; path = UserListCoordinator.swift; sourceTree = "<group>"; };
		33D5EDEF25474685007FB45F /* Customers.storyboard */ = {isa = PBXFileReference; lastKnownFileType = file.storyboard; path = Customers.storyboard; sourceTree = "<group>"; };
		33D5EDF4254749E7007FB45F /* CustomersListTableViewController.swift */ = {isa = PBXFileReference; lastKnownFileType = sourcecode.swift; path = CustomersListTableViewController.swift; sourceTree = "<group>"; };
		33D5EDF925474A02007FB45F /* CustomerViewController.swift */ = {isa = PBXFileReference; lastKnownFileType = sourcecode.swift; path = CustomerViewController.swift; sourceTree = "<group>"; };
		33D5EDFE25474A35007FB45F /* CustomerListTableViewCell.swift */ = {isa = PBXFileReference; lastKnownFileType = sourcecode.swift; path = CustomerListTableViewCell.swift; sourceTree = "<group>"; };
		33D5EE0325474B00007FB45F /* Customer.swift */ = {isa = PBXFileReference; lastKnownFileType = sourcecode.swift; path = Customer.swift; sourceTree = "<group>"; };
		33D5EE08254887C3007FB45F /* CustomersListCoordinator.swift */ = {isa = PBXFileReference; lastKnownFileType = sourcecode.swift; path = CustomersListCoordinator.swift; sourceTree = "<group>"; };
		500BF7FE322D481E57E61BA7 /* Pods-CharSer-CharSerUITests.release.xcconfig */ = {isa = PBXFileReference; includeInIndex = 1; lastKnownFileType = text.xcconfig; name = "Pods-CharSer-CharSerUITests.release.xcconfig"; path = "Target Support Files/Pods-CharSer-CharSerUITests/Pods-CharSer-CharSerUITests.release.xcconfig"; sourceTree = "<group>"; };
		5AE7A5943AFE72963F6D74C7 /* Pods-CharSer.debug.xcconfig */ = {isa = PBXFileReference; includeInIndex = 1; lastKnownFileType = text.xcconfig; name = "Pods-CharSer.debug.xcconfig"; path = "Target Support Files/Pods-CharSer/Pods-CharSer.debug.xcconfig"; sourceTree = "<group>"; };
		6833B49065C6D7A76DE2D2C3 /* Pods-CharSerTests.release.xcconfig */ = {isa = PBXFileReference; includeInIndex = 1; lastKnownFileType = text.xcconfig; name = "Pods-CharSerTests.release.xcconfig"; path = "Target Support Files/Pods-CharSerTests/Pods-CharSerTests.release.xcconfig"; sourceTree = "<group>"; };
		8E7C34E99B35F5D362CC7835 /* Pods-CharSerTests.debug.xcconfig */ = {isa = PBXFileReference; includeInIndex = 1; lastKnownFileType = text.xcconfig; name = "Pods-CharSerTests.debug.xcconfig"; path = "Target Support Files/Pods-CharSerTests/Pods-CharSerTests.debug.xcconfig"; sourceTree = "<group>"; };
		A78DEEFE0C75CF0518342849 /* Pods_CharSerTests.framework */ = {isa = PBXFileReference; explicitFileType = wrapper.framework; includeInIndex = 0; path = Pods_CharSerTests.framework; sourceTree = BUILT_PRODUCTS_DIR; };
		CB0C5A50D45721D91FCE3422 /* Pods-CharSer.release.xcconfig */ = {isa = PBXFileReference; includeInIndex = 1; lastKnownFileType = text.xcconfig; name = "Pods-CharSer.release.xcconfig"; path = "Target Support Files/Pods-CharSer/Pods-CharSer.release.xcconfig"; sourceTree = "<group>"; };
		FB2EFDB7AF9CFB998E439C55 /* Pods-CharSer-CharSerUITests.debug.xcconfig */ = {isa = PBXFileReference; includeInIndex = 1; lastKnownFileType = text.xcconfig; name = "Pods-CharSer-CharSerUITests.debug.xcconfig"; path = "Target Support Files/Pods-CharSer-CharSerUITests/Pods-CharSer-CharSerUITests.debug.xcconfig"; sourceTree = "<group>"; };
		FC75D525774BB593CB10C49A /* Pods_CharSer.framework */ = {isa = PBXFileReference; explicitFileType = wrapper.framework; includeInIndex = 0; path = Pods_CharSer.framework; sourceTree = BUILT_PRODUCTS_DIR; };
/* End PBXFileReference section */

/* Begin PBXFrameworksBuildPhase section */
		33C6A21B2532F56F00C299E9 /* Frameworks */ = {
			isa = PBXFrameworksBuildPhase;
			buildActionMask = 2147483647;
			files = (
				19E684BCCB84FA6B48F542F9 /* Pods_CharSer.framework in Frameworks */,
			);
			runOnlyForDeploymentPostprocessing = 0;
		};
		33C6A2312532F57200C299E9 /* Frameworks */ = {
			isa = PBXFrameworksBuildPhase;
			buildActionMask = 2147483647;
			files = (
				00ACEF166C29116EDC0A5EFE /* Pods_CharSerTests.framework in Frameworks */,
			);
			runOnlyForDeploymentPostprocessing = 0;
		};
		33C6A23C2532F57200C299E9 /* Frameworks */ = {
			isa = PBXFrameworksBuildPhase;
			buildActionMask = 2147483647;
			files = (
				8A87C29EE3DA63C0146323BF /* Pods_CharSer_CharSerUITests.framework in Frameworks */,
			);
			runOnlyForDeploymentPostprocessing = 0;
		};
/* End PBXFrameworksBuildPhase section */

/* Begin PBXGroup section */
		33336FB1254D532C004EE9AF /* СhargObjects */ = {
			isa = PBXGroup;
			children = (
				33336FB7254D54DA004EE9AF /* Coordinators */,
				33336FB8254D54E2004EE9AF /* Controllers */,
				33336FB9254D54EC004EE9AF /* Views */,
				33336FB2254D5377004EE9AF /* ChargObjects.storyboard */,
			);
			path = "СhargObjects";
			sourceTree = "<group>";
		};
		33336FB7254D54DA004EE9AF /* Coordinators */ = {
			isa = PBXGroup;
			children = (
				33336FDC254D8666004EE9AF /* ChargObjectsListCoordinator.swift */,
			);
			path = Coordinators;
			sourceTree = "<group>";
		};
		33336FB8254D54E2004EE9AF /* Controllers */ = {
			isa = PBXGroup;
			children = (
				33336FBA254D5516004EE9AF /* СhargObjectsViewController.swift */,
				33336FBF254D552A004EE9AF /* СhargObjectsTableViewController.swift */,
			);
			path = Controllers;
			sourceTree = "<group>";
		};
		33336FB9254D54EC004EE9AF /* Views */ = {
			isa = PBXGroup;
			children = (
				33336FD7254D852C004EE9AF /* СhargObjectTableViewCell.swift */,
			);
			path = Views;
			sourceTree = "<group>";
		};
		3339382F254E99E300EA9457 /* CoreData */ = {
			isa = PBXGroup;
			children = (
				33393842254EA39700EA9457 /* Model */,
				33393830254E9A2700EA9457 /* CharSer.xcdatamodeld */,
				33393837254E9D6200EA9457 /* DBCoreData.swift */,
			);
			path = CoreData;
			sourceTree = "<group>";
		};
		33393842254EA39700EA9457 /* Model */ = {
			isa = PBXGroup;
			children = (
				3352955B255479B000CD0705 /* CDSetPrices+CoreDataClass.swift */,
				3352955C255479B000CD0705 /* CDSetPrices+CoreDataProperties.swift */,
				3352955D255479B000CD0705 /* CDSetPricesVTPrices+CoreDataClass.swift */,
				3352955E255479B000CD0705 /* CDSetPricesVTPrices+CoreDataProperties.swift */,
				3352950B25506B3B00CD0705 /* CDChargObjects+CoreDataClass.swift */,
				3352950C25506B3B00CD0705 /* CDChargObjects+CoreDataProperties.swift */,
				3352950D25506B3B00CD0705 /* CDCustomers+CoreDataClass.swift */,
				3352950E25506B3B00CD0705 /* CDCustomers+CoreDataProperties.swift */,
				33393850254EA44700EA9457 /* CDUsers+CoreDataClass.swift */,
				33393851254EA44700EA9457 /* CDUsers+CoreDataProperties.swift */,
			);
			path = Model;
			sourceTree = "<group>";
		};
		335295282552F73C00CD0705 /* SetPrices */ = {
			isa = PBXGroup;
			children = (
				335295292552F77600CD0705 /* Coordinators */,
				3352952A2552F77D00CD0705 /* Controllers */,
				3352952B2552F78700CD0705 /* Views */,
				335295432552F8F700CD0705 /* SetPrices.storyboard */,
			);
			path = SetPrices;
			sourceTree = "<group>";
		};
		335295292552F77600CD0705 /* Coordinators */ = {
			isa = PBXGroup;
			children = (
				3352952C2552F86100CD0705 /* SetPricesListCoordinator.swift */,
			);
			path = Coordinators;
			sourceTree = "<group>";
		};
		3352952A2552F77D00CD0705 /* Controllers */ = {
			isa = PBXGroup;
			children = (
				335295342552F88B00CD0705 /* SetPricesViewController.swift */,
				335295392552F8B100CD0705 /* SetPricesTableViewController.swift */,
			);
			path = Controllers;
			sourceTree = "<group>";
		};
		3352952B2552F78700CD0705 /* Views */ = {
			isa = PBXGroup;
			children = (
				3352953E2552F8E000CD0705 /* SetPricesTableViewCell.swift */,
				335295482552FFFB00CD0705 /* SetPricesVTTableViewCell.swift */,
			);
			path = Views;
			sourceTree = "<group>";
		};
		33529552255468DA00CD0705 /* Alerts */ = {
			isa = PBXGroup;
			children = (
				335295532554690700CD0705 /* AlertManager.swift */,
			);
			path = Alerts;
			sourceTree = "<group>";
		};
		336DC9312536115700F9D3B2 /* Navigation */ = {
			isa = PBXGroup;
			children = (
				336DC9322536117300F9D3B2 /* ApplicationCoordinator.swift */,
				336DC9332536117300F9D3B2 /* BaseCoordinator.swift */,
			);
			path = Navigation;
			sourceTree = "<group>";
		};
		336DC939253611AA00F9D3B2 /* Session */ = {
			isa = PBXGroup;
			children = (
				336DC93A253611BE00F9D3B2 /* Session.swift */,
			);
			path = Session;
			sourceTree = "<group>";
		};
		336DC93F2536128500F9D3B2 /* Model */ = {
			isa = PBXGroup;
			children = (
				33336FCF254D5BDF004EE9AF /* ReferenceModel.swift */,
				336DC940253612A500F9D3B2 /* User.swift */,
				33D5EE0325474B00007FB45F /* Customer.swift */,
				33336FAC254D52A2004EE9AF /* СhargObject.swift */,
				3352954D255465B700CD0705 /* SetPrices.swift */,
			);
			path = Model;
			sourceTree = "<group>";
		};
		336DC9452536160200F9D3B2 /* Users */ = {
			isa = PBXGroup;
			children = (
				336DC947253616CC00F9D3B2 /* Controllers */,
				336DC9462536162600F9D3B2 /* Coordinators */,
				33C6A6FE253C349F00DE32B9 /* Views */,
				336DC9482536171D00F9D3B2 /* Users.storyboard */,
			);
			path = Users;
			sourceTree = "<group>";
		};
		336DC9462536162600F9D3B2 /* Coordinators */ = {
			isa = PBXGroup;
			children = (
				339ADA9E25377B9C0054C624 /* LoginCoordinator.swift */,
				336DC94D25361ED800F9D3B2 /* UserCoordinator.swift */,
				33C6A707253E082E00DE32B9 /* UserListCoordinator.swift */,
			);
			path = Coordinators;
			sourceTree = "<group>";
		};
		336DC947253616CC00F9D3B2 /* Controllers */ = {
			isa = PBXGroup;
			children = (
				336DC95225361F3300F9D3B2 /* UserViewController.swift */,
				339ADA99253778D10054C624 /* LoginViewController.swift */,
				33C6A6F9253C343300DE32B9 /* UsersListTableViewController.swift */,
			);
			path = Controllers;
			sourceTree = "<group>";
		};
		339ADAA325377C7B0054C624 /* MainDesktop */ = {
			isa = PBXGroup;
			children = (
				33C6A2272532F56F00C299E9 /* Main.storyboard */,
				339ADAA525377CD70054C624 /* Coordinators */,
				339ADAA425377CC50054C624 /* Controllers */,
			);
			path = MainDesktop;
			sourceTree = "<group>";
		};
		339ADAA425377CC50054C624 /* Controllers */ = {
			isa = PBXGroup;
			children = (
				33C6A6E0253C1BE700DE32B9 /* MainDesktopNavigationController.swift */,
				33C6A6D8253AFF3700DE32B9 /* MainDesktopViewController.swift */,
			);
			path = Controllers;
			sourceTree = "<group>";
		};
		339ADAA525377CD70054C624 /* Coordinators */ = {
			isa = PBXGroup;
			children = (
				339ADAA625377D2C0054C624 /* MainDesktopCoordinator.swift */,
			);
			path = Coordinators;
			sourceTree = "<group>";
		};
		33C6A2152532F56F00C299E9 = {
			isa = PBXGroup;
			children = (
				33C6A2202532F56F00C299E9 /* CharSer */,
				33C6A2372532F57200C299E9 /* CharSerTests */,
				33C6A2422532F57200C299E9 /* CharSerUITests */,
				33C6A21F2532F56F00C299E9 /* Products */,
				9FB6AC3BE986E86C5496D7EE /* Pods */,
				D9BEDAA47132AB09FE6C6A8F /* Frameworks */,
			);
			sourceTree = "<group>";
		};
		33C6A21F2532F56F00C299E9 /* Products */ = {
			isa = PBXGroup;
			children = (
				33C6A21E2532F56F00C299E9 /* CharSer.app */,
				33C6A2342532F57200C299E9 /* CharSerTests.xctest */,
				33C6A23F2532F57200C299E9 /* CharSerUITests.xctest */,
			);
			name = Products;
			sourceTree = "<group>";
		};
		33C6A2202532F56F00C299E9 /* CharSer */ = {
			isa = PBXGroup;
			children = (
				33C6A2542532F73E00C299E9 /* App */,
				33C6A2552532F74B00C299E9 /* Core */,
				33C6A2562532F75B00C299E9 /* Resources */,
				33C6A2572532F76B00C299E9 /* Environments */,
			);
			path = CharSer;
			sourceTree = "<group>";
		};
		33C6A2372532F57200C299E9 /* CharSerTests */ = {
			isa = PBXGroup;
			children = (
				33C6A2382532F57200C299E9 /* CharSerTests.swift */,
				33C6A23A2532F57200C299E9 /* Info.plist */,
			);
			path = CharSerTests;
			sourceTree = "<group>";
		};
		33C6A2422532F57200C299E9 /* CharSerUITests */ = {
			isa = PBXGroup;
			children = (
				33C6A2432532F57200C299E9 /* CharSerUITests.swift */,
				33C6A2452532F57200C299E9 /* Info.plist */,
			);
			path = CharSerUITests;
			sourceTree = "<group>";
		};
		33C6A2542532F73E00C299E9 /* App */ = {
			isa = PBXGroup;
			children = (
				33C6A2212532F56F00C299E9 /* AppDelegate.swift */,
				33C6A2232532F56F00C299E9 /* SceneDelegate.swift */,
				33C6A2582532F7B700C299E9 /* Flows */,
				33C6A2592532F7D100C299E9 /* Assembly */,
				33C6A25A2532F7F100C299E9 /* Entity */,
				33C6A25B2532F81300C299E9 /* BusinessLogic */,
			);
			path = App;
			sourceTree = "<group>";
		};
		33C6A2552532F74B00C299E9 /* Core */ = {
			isa = PBXGroup;
			children = (
				33529552255468DA00CD0705 /* Alerts */,
				336DC939253611AA00F9D3B2 /* Session */,
				336DC9312536115700F9D3B2 /* Navigation */,
				33C6A2682532FA0500C299E9 /* DataBase */,
			);
			path = Core;
			sourceTree = "<group>";
		};
		33C6A2562532F75B00C299E9 /* Resources */ = {
			isa = PBXGroup;
			children = (
				33C6A22C2532F57200C299E9 /* LaunchScreen.storyboard */,
				33C6A22A2532F57200C299E9 /* Assets.xcassets */,
			);
			path = Resources;
			sourceTree = "<group>";
		};
		33C6A2572532F76B00C299E9 /* Environments */ = {
			isa = PBXGroup;
			children = (
				33C6A22F2532F57200C299E9 /* Info.plist */,
			);
			path = Environments;
			sourceTree = "<group>";
		};
		33C6A2582532F7B700C299E9 /* Flows */ = {
			isa = PBXGroup;
			children = (
				335295282552F73C00CD0705 /* SetPrices */,
				33336FB1254D532C004EE9AF /* СhargObjects */,
				33D5EDE92545781C007FB45F /* Customers */,
				33C6A6E5253C1C5D00DE32B9 /* Animations */,
				33C6A6C3253AF7EC00DE32B9 /* MainMenu */,
				339ADAA325377C7B0054C624 /* MainDesktop */,
				336DC9452536160200F9D3B2 /* Users */,
			);
			path = Flows;
			sourceTree = "<group>";
		};
		33C6A2592532F7D100C299E9 /* Assembly */ = {
			isa = PBXGroup;
			children = (
			);
			path = Assembly;
			sourceTree = "<group>";
		};
		33C6A25A2532F7F100C299E9 /* Entity */ = {
			isa = PBXGroup;
			children = (
			);
			path = Entity;
			sourceTree = "<group>";
		};
		33C6A25B2532F81300C299E9 /* BusinessLogic */ = {
			isa = PBXGroup;
			children = (
				336DC93F2536128500F9D3B2 /* Model */,
			);
			path = BusinessLogic;
			sourceTree = "<group>";
		};
		33C6A2682532FA0500C299E9 /* DataBase */ = {
			isa = PBXGroup;
			children = (
				3339382F254E99E300EA9457 /* CoreData */,
				336DC9292535CFE600F9D3B2 /* DataBase.swift */,
				33336FC7254D5B87004EE9AF /* ReferenceObject.swift */,
			);
			path = DataBase;
			sourceTree = "<group>";
		};
		33C6A6C3253AF7EC00DE32B9 /* MainMenu */ = {
			isa = PBXGroup;
			children = (
				33C6A6C5253AF80B00DE32B9 /* Coordinators */,
				33C6A6C4253AF80600DE32B9 /* Controllers */,
				33C6A6C6253AF82600DE32B9 /* mainMenu.storyboard */,
			);
			path = MainMenu;
			sourceTree = "<group>";
		};
		33C6A6C4253AF80600DE32B9 /* Controllers */ = {
			isa = PBXGroup;
			children = (
				33C6A6CB253AF8F800DE32B9 /* MainMenuViewController.swift */,
			);
			path = Controllers;
			sourceTree = "<group>";
		};
		33C6A6C5253AF80B00DE32B9 /* Coordinators */ = {
			isa = PBXGroup;
			children = (
				33C6A6D0253AFC2E00DE32B9 /* MainMenuCoordinator.swift */,
			);
			path = Coordinators;
			sourceTree = "<group>";
		};
		33C6A6E5253C1C5D00DE32B9 /* Animations */ = {
			isa = PBXGroup;
			children = (
				33C6A6E6253C1C8400DE32B9 /* MainMenuPopTransitionAnimator.swift */,
				33C6A6E7253C1C8500DE32B9 /* MainMenuPushTransitionAnimator.swift */,
			);
			path = Animations;
			sourceTree = "<group>";
		};
		33C6A6FE253C349F00DE32B9 /* Views */ = {
			isa = PBXGroup;
			children = (
				33C6A6FF253C34BD00DE32B9 /* UsersListTableViewCell.swift */,
			);
			path = Views;
			sourceTree = "<group>";
		};
		33D5EDE92545781C007FB45F /* Customers */ = {
			isa = PBXGroup;
			children = (
				33D5EDEC2545786F007FB45F /* Coordinators */,
				33D5EDEB25457862007FB45F /* Controllers */,
				33D5EDEA25457855007FB45F /* Views */,
				33D5EDEF25474685007FB45F /* Customers.storyboard */,
			);
			path = Customers;
			sourceTree = "<group>";
		};
		33D5EDEA25457855007FB45F /* Views */ = {
			isa = PBXGroup;
			children = (
				33D5EDFE25474A35007FB45F /* CustomerListTableViewCell.swift */,
			);
			path = Views;
			sourceTree = "<group>";
		};
		33D5EDEB25457862007FB45F /* Controllers */ = {
			isa = PBXGroup;
			children = (
				33D5EDF4254749E7007FB45F /* CustomersListTableViewController.swift */,
				33D5EDF925474A02007FB45F /* CustomerViewController.swift */,
			);
			path = Controllers;
			sourceTree = "<group>";
		};
		33D5EDEC2545786F007FB45F /* Coordinators */ = {
			isa = PBXGroup;
			children = (
				33D5EE08254887C3007FB45F /* CustomersListCoordinator.swift */,
			);
			path = Coordinators;
			sourceTree = "<group>";
		};
		9FB6AC3BE986E86C5496D7EE /* Pods */ = {
			isa = PBXGroup;
			children = (
				5AE7A5943AFE72963F6D74C7 /* Pods-CharSer.debug.xcconfig */,
				CB0C5A50D45721D91FCE3422 /* Pods-CharSer.release.xcconfig */,
				FB2EFDB7AF9CFB998E439C55 /* Pods-CharSer-CharSerUITests.debug.xcconfig */,
				500BF7FE322D481E57E61BA7 /* Pods-CharSer-CharSerUITests.release.xcconfig */,
				8E7C34E99B35F5D362CC7835 /* Pods-CharSerTests.debug.xcconfig */,
				6833B49065C6D7A76DE2D2C3 /* Pods-CharSerTests.release.xcconfig */,
			);
			path = Pods;
			sourceTree = "<group>";
		};
		D9BEDAA47132AB09FE6C6A8F /* Frameworks */ = {
			isa = PBXGroup;
			children = (
				FC75D525774BB593CB10C49A /* Pods_CharSer.framework */,
				2B462FCAF2C25D9C9264CA55 /* Pods_CharSer_CharSerUITests.framework */,
				A78DEEFE0C75CF0518342849 /* Pods_CharSerTests.framework */,
			);
			name = Frameworks;
			sourceTree = "<group>";
		};
/* End PBXGroup section */

/* Begin PBXNativeTarget section */
		33C6A21D2532F56F00C299E9 /* CharSer */ = {
			isa = PBXNativeTarget;
			buildConfigurationList = 33C6A2482532F57200C299E9 /* Build configuration list for PBXNativeTarget "CharSer" */;
			buildPhases = (
				0880421F096DC267FA15CBCC /* [CP] Check Pods Manifest.lock */,
				33C6A21A2532F56F00C299E9 /* Sources */,
				33C6A21B2532F56F00C299E9 /* Frameworks */,
				33C6A21C2532F56F00C299E9 /* Resources */,
			);
			buildRules = (
			);
			dependencies = (
			);
			name = CharSer;
			productName = CharSer;
			productReference = 33C6A21E2532F56F00C299E9 /* CharSer.app */;
			productType = "com.apple.product-type.application";
		};
		33C6A2332532F57200C299E9 /* CharSerTests */ = {
			isa = PBXNativeTarget;
			buildConfigurationList = 33C6A24B2532F57200C299E9 /* Build configuration list for PBXNativeTarget "CharSerTests" */;
			buildPhases = (
				6CEC00D35551C046085E2980 /* [CP] Check Pods Manifest.lock */,
				33C6A2302532F57200C299E9 /* Sources */,
				33C6A2312532F57200C299E9 /* Frameworks */,
				33C6A2322532F57200C299E9 /* Resources */,
			);
			buildRules = (
			);
			dependencies = (
				33C6A2362532F57200C299E9 /* PBXTargetDependency */,
			);
			name = CharSerTests;
			productName = CharSerTests;
			productReference = 33C6A2342532F57200C299E9 /* CharSerTests.xctest */;
			productType = "com.apple.product-type.bundle.unit-test";
		};
		33C6A23E2532F57200C299E9 /* CharSerUITests */ = {
			isa = PBXNativeTarget;
			buildConfigurationList = 33C6A24E2532F57200C299E9 /* Build configuration list for PBXNativeTarget "CharSerUITests" */;
			buildPhases = (
				3E8F96F572456E593D631765 /* [CP] Check Pods Manifest.lock */,
				33C6A23B2532F57200C299E9 /* Sources */,
				33C6A23C2532F57200C299E9 /* Frameworks */,
				33C6A23D2532F57200C299E9 /* Resources */,
			);
			buildRules = (
			);
			dependencies = (
				33C6A2412532F57200C299E9 /* PBXTargetDependency */,
			);
			name = CharSerUITests;
			productName = CharSerUITests;
			productReference = 33C6A23F2532F57200C299E9 /* CharSerUITests.xctest */;
			productType = "com.apple.product-type.bundle.ui-testing";
		};
/* End PBXNativeTarget section */

/* Begin PBXProject section */
		33C6A2162532F56F00C299E9 /* Project object */ = {
			isa = PBXProject;
			attributes = {
				LastSwiftUpdateCheck = 1200;
				LastUpgradeCheck = 1200;
				TargetAttributes = {
					33C6A21D2532F56F00C299E9 = {
						CreatedOnToolsVersion = 12.0.1;
					};
					33C6A2332532F57200C299E9 = {
						CreatedOnToolsVersion = 12.0.1;
						TestTargetID = 33C6A21D2532F56F00C299E9;
					};
					33C6A23E2532F57200C299E9 = {
						CreatedOnToolsVersion = 12.0.1;
						TestTargetID = 33C6A21D2532F56F00C299E9;
					};
				};
			};
			buildConfigurationList = 33C6A2192532F56F00C299E9 /* Build configuration list for PBXProject "CharSer" */;
			compatibilityVersion = "Xcode 9.3";
			developmentRegion = en;
			hasScannedForEncodings = 0;
			knownRegions = (
				en,
				Base,
			);
			mainGroup = 33C6A2152532F56F00C299E9;
			productRefGroup = 33C6A21F2532F56F00C299E9 /* Products */;
			projectDirPath = "";
			projectRoot = "";
			targets = (
				33C6A21D2532F56F00C299E9 /* CharSer */,
				33C6A2332532F57200C299E9 /* CharSerTests */,
				33C6A23E2532F57200C299E9 /* CharSerUITests */,
			);
		};
/* End PBXProject section */

/* Begin PBXResourcesBuildPhase section */
		33C6A21C2532F56F00C299E9 /* Resources */ = {
			isa = PBXResourcesBuildPhase;
			buildActionMask = 2147483647;
			files = (
				33D5EDF025474685007FB45F /* Customers.storyboard in Resources */,
				33C6A22E2532F57200C299E9 /* LaunchScreen.storyboard in Resources */,
				33336FB3254D5377004EE9AF /* ChargObjects.storyboard in Resources */,
				33C6A6C7253AF82600DE32B9 /* mainMenu.storyboard in Resources */,
				336DC9492536171D00F9D3B2 /* Users.storyboard in Resources */,
				335295442552F8F700CD0705 /* SetPrices.storyboard in Resources */,
				33C6A22B2532F57200C299E9 /* Assets.xcassets in Resources */,
				33C6A2292532F56F00C299E9 /* Main.storyboard in Resources */,
			);
			runOnlyForDeploymentPostprocessing = 0;
		};
		33C6A2322532F57200C299E9 /* Resources */ = {
			isa = PBXResourcesBuildPhase;
			buildActionMask = 2147483647;
			files = (
			);
			runOnlyForDeploymentPostprocessing = 0;
		};
		33C6A23D2532F57200C299E9 /* Resources */ = {
			isa = PBXResourcesBuildPhase;
			buildActionMask = 2147483647;
			files = (
			);
			runOnlyForDeploymentPostprocessing = 0;
		};
/* End PBXResourcesBuildPhase section */

/* Begin PBXShellScriptBuildPhase section */
		0880421F096DC267FA15CBCC /* [CP] Check Pods Manifest.lock */ = {
			isa = PBXShellScriptBuildPhase;
			buildActionMask = 2147483647;
			files = (
			);
			inputFileListPaths = (
			);
			inputPaths = (
				"${PODS_PODFILE_DIR_PATH}/Podfile.lock",
				"${PODS_ROOT}/Manifest.lock",
			);
			name = "[CP] Check Pods Manifest.lock";
			outputFileListPaths = (
			);
			outputPaths = (
				"$(DERIVED_FILE_DIR)/Pods-CharSer-checkManifestLockResult.txt",
			);
			runOnlyForDeploymentPostprocessing = 0;
			shellPath = /bin/sh;
			shellScript = "diff \"${PODS_PODFILE_DIR_PATH}/Podfile.lock\" \"${PODS_ROOT}/Manifest.lock\" > /dev/null\nif [ $? != 0 ] ; then\n    # print error to STDERR\n    echo \"error: The sandbox is not in sync with the Podfile.lock. Run 'pod install' or update your CocoaPods installation.\" >&2\n    exit 1\nfi\n# This output is used by Xcode 'outputs' to avoid re-running this script phase.\necho \"SUCCESS\" > \"${SCRIPT_OUTPUT_FILE_0}\"\n";
			showEnvVarsInLog = 0;
		};
		3E8F96F572456E593D631765 /* [CP] Check Pods Manifest.lock */ = {
			isa = PBXShellScriptBuildPhase;
			buildActionMask = 2147483647;
			files = (
			);
			inputFileListPaths = (
			);
			inputPaths = (
				"${PODS_PODFILE_DIR_PATH}/Podfile.lock",
				"${PODS_ROOT}/Manifest.lock",
			);
			name = "[CP] Check Pods Manifest.lock";
			outputFileListPaths = (
			);
			outputPaths = (
				"$(DERIVED_FILE_DIR)/Pods-CharSer-CharSerUITests-checkManifestLockResult.txt",
			);
			runOnlyForDeploymentPostprocessing = 0;
			shellPath = /bin/sh;
			shellScript = "diff \"${PODS_PODFILE_DIR_PATH}/Podfile.lock\" \"${PODS_ROOT}/Manifest.lock\" > /dev/null\nif [ $? != 0 ] ; then\n    # print error to STDERR\n    echo \"error: The sandbox is not in sync with the Podfile.lock. Run 'pod install' or update your CocoaPods installation.\" >&2\n    exit 1\nfi\n# This output is used by Xcode 'outputs' to avoid re-running this script phase.\necho \"SUCCESS\" > \"${SCRIPT_OUTPUT_FILE_0}\"\n";
			showEnvVarsInLog = 0;
		};
		6CEC00D35551C046085E2980 /* [CP] Check Pods Manifest.lock */ = {
			isa = PBXShellScriptBuildPhase;
			buildActionMask = 2147483647;
			files = (
			);
			inputFileListPaths = (
			);
			inputPaths = (
				"${PODS_PODFILE_DIR_PATH}/Podfile.lock",
				"${PODS_ROOT}/Manifest.lock",
			);
			name = "[CP] Check Pods Manifest.lock";
			outputFileListPaths = (
			);
			outputPaths = (
				"$(DERIVED_FILE_DIR)/Pods-CharSerTests-checkManifestLockResult.txt",
			);
			runOnlyForDeploymentPostprocessing = 0;
			shellPath = /bin/sh;
			shellScript = "diff \"${PODS_PODFILE_DIR_PATH}/Podfile.lock\" \"${PODS_ROOT}/Manifest.lock\" > /dev/null\nif [ $? != 0 ] ; then\n    # print error to STDERR\n    echo \"error: The sandbox is not in sync with the Podfile.lock. Run 'pod install' or update your CocoaPods installation.\" >&2\n    exit 1\nfi\n# This output is used by Xcode 'outputs' to avoid re-running this script phase.\necho \"SUCCESS\" > \"${SCRIPT_OUTPUT_FILE_0}\"\n";
			showEnvVarsInLog = 0;
		};
/* End PBXShellScriptBuildPhase section */

/* Begin PBXSourcesBuildPhase section */
		33C6A21A2532F56F00C299E9 /* Sources */ = {
			isa = PBXSourcesBuildPhase;
			buildActionMask = 2147483647;
			files = (
				336DC92A2535CFE600F9D3B2 /* DataBase.swift in Sources */,
				3352953A2552F8B100CD0705 /* SetPricesTableViewController.swift in Sources */,
				336DC95325361F3300F9D3B2 /* UserViewController.swift in Sources */,
				332968B7255DB45D00FACA5B /* CDSetPricesVTPrices+CoreDataClass.swift in Sources */,
				33336FBB254D5516004EE9AF /* СhargObjectsViewController.swift in Sources */,
				332968D0255DB47100FACA5B /* CDUsers+CoreDataProperties.swift in Sources */,
				3352953F2552F8E000CD0705 /* SetPricesTableViewCell.swift in Sources */,
				335295542554690700CD0705 /* AlertManager.swift in Sources */,
				33D5EDF5254749E7007FB45F /* CustomersListTableViewController.swift in Sources */,
				33336FC0254D552A004EE9AF /* СhargObjectsTableViewController.swift in Sources */,
				33C6A6D9253AFF3700DE32B9 /* MainDesktopViewController.swift in Sources */,
				332968CB255DB46C00FACA5B /* CDCustomers+CoreDataProperties.swift in Sources */,
				33C6A2222532F56F00C299E9 /* AppDelegate.swift in Sources */,
				33336FDD254D8666004EE9AF /* ChargObjectsListCoordinator.swift in Sources */,
				339ADA9F25377B9C0054C624 /* LoginCoordinator.swift in Sources */,
				33336FD0254D5BDF004EE9AF /* ReferenceModel.swift in Sources */,
				33C6A6E1253C1BE700DE32B9 /* MainDesktopNavigationController.swift in Sources */,
				332968BB255DB46000FACA5B /* CDSetPricesVTPrices+CoreDataProperties.swift in Sources */,
				33D5EDFF25474A35007FB45F /* CustomerListTableViewCell.swift in Sources */,
				332968CF255DB46E00FACA5B /* CDUsers+CoreDataClass.swift in Sources */,
				33C6A2242532F56F00C299E9 /* SceneDelegate.swift in Sources */,
				339ADAA725377D2C0054C624 /* MainDesktopCoordinator.swift in Sources */,
				33D5EDFA25474A02007FB45F /* CustomerViewController.swift in Sources */,
				33336FC8254D5B87004EE9AF /* ReferenceObject.swift in Sources */,
				33C6A6E9253C1C8500DE32B9 /* MainMenuPushTransitionAnimator.swift in Sources */,
				33C6A6D1253AFC2E00DE32B9 /* MainMenuCoordinator.swift in Sources */,
				332968C7255DB46900FACA5B /* CDCustomers+CoreDataClass.swift in Sources */,
				33C6A6E8253C1C8500DE32B9 /* MainMenuPopTransitionAnimator.swift in Sources */,
				335295492552FFFB00CD0705 /* SetPricesVTTableViewCell.swift in Sources */,
				332968B3255DB45B00FACA5B /* CDSetPrices+CoreDataProperties.swift in Sources */,
				3352954E255465B700CD0705 /* SetPrices.swift in Sources */,
				336DC941253612A500F9D3B2 /* User.swift in Sources */,
				33393832254E9A2700EA9457 /* CharSer.xcdatamodeld in Sources */,
				336DC93B253611BE00F9D3B2 /* Session.swift in Sources */,
				336DC94E25361ED800F9D3B2 /* UserCoordinator.swift in Sources */,
				332968BF255DB46200FACA5B /* CDChargObjects+CoreDataClass.swift in Sources */,
				336DC9352536117300F9D3B2 /* BaseCoordinator.swift in Sources */,
				33C6A708253E082E00DE32B9 /* UserListCoordinator.swift in Sources */,
				332968AF255DB43100FACA5B /* CDSetPrices+CoreDataClass.swift in Sources */,
				3352952D2552F86100CD0705 /* SetPricesListCoordinator.swift in Sources */,
				33393838254E9D6200EA9457 /* DBCoreData.swift in Sources */,
				33C6A6FA253C343300DE32B9 /* UsersListTableViewController.swift in Sources */,
				335295352552F88B00CD0705 /* SetPricesViewController.swift in Sources */,
				33C6A700253C34BD00DE32B9 /* UsersListTableViewCell.swift in Sources */,
				339ADA9A253778D10054C624 /* LoginViewController.swift in Sources */,
				332968C3255DB46500FACA5B /* CDChargObjects+CoreDataProperties.swift in Sources */,
				33D5EE0425474B00007FB45F /* Customer.swift in Sources */,
				33C6A6CC253AF8F800DE32B9 /* MainMenuViewController.swift in Sources */,
				33336FAD254D52A2004EE9AF /* СhargObject.swift in Sources */,
				33336FD8254D852C004EE9AF /* СhargObjectTableViewCell.swift in Sources */,
				33D5EE09254887C3007FB45F /* CustomersListCoordinator.swift in Sources */,
				336DC9342536117300F9D3B2 /* ApplicationCoordinator.swift in Sources */,
			);
			runOnlyForDeploymentPostprocessing = 0;
		};
		33C6A2302532F57200C299E9 /* Sources */ = {
			isa = PBXSourcesBuildPhase;
			buildActionMask = 2147483647;
			files = (
				33C6A2392532F57200C299E9 /* CharSerTests.swift in Sources */,
			);
			runOnlyForDeploymentPostprocessing = 0;
		};
		33C6A23B2532F57200C299E9 /* Sources */ = {
			isa = PBXSourcesBuildPhase;
			buildActionMask = 2147483647;
			files = (
				33C6A2442532F57200C299E9 /* CharSerUITests.swift in Sources */,
			);
			runOnlyForDeploymentPostprocessing = 0;
		};
/* End PBXSourcesBuildPhase section */

/* Begin PBXTargetDependency section */
		33C6A2362532F57200C299E9 /* PBXTargetDependency */ = {
			isa = PBXTargetDependency;
			target = 33C6A21D2532F56F00C299E9 /* CharSer */;
			targetProxy = 33C6A2352532F57200C299E9 /* PBXContainerItemProxy */;
		};
		33C6A2412532F57200C299E9 /* PBXTargetDependency */ = {
			isa = PBXTargetDependency;
			target = 33C6A21D2532F56F00C299E9 /* CharSer */;
			targetProxy = 33C6A2402532F57200C299E9 /* PBXContainerItemProxy */;
		};
/* End PBXTargetDependency section */

/* Begin PBXVariantGroup section */
		33C6A2272532F56F00C299E9 /* Main.storyboard */ = {
			isa = PBXVariantGroup;
			children = (
				33C6A2282532F56F00C299E9 /* Base */,
			);
			name = Main.storyboard;
			sourceTree = "<group>";
		};
		33C6A22C2532F57200C299E9 /* LaunchScreen.storyboard */ = {
			isa = PBXVariantGroup;
			children = (
				33C6A22D2532F57200C299E9 /* Base */,
			);
			name = LaunchScreen.storyboard;
			sourceTree = "<group>";
		};
/* End PBXVariantGroup section */

/* Begin XCBuildConfiguration section */
		33C6A2462532F57200C299E9 /* Debug */ = {
			isa = XCBuildConfiguration;
			buildSettings = {
				ALWAYS_SEARCH_USER_PATHS = NO;
				CLANG_ANALYZER_NONNULL = YES;
				CLANG_ANALYZER_NUMBER_OBJECT_CONVERSION = YES_AGGRESSIVE;
				CLANG_CXX_LANGUAGE_STANDARD = "gnu++14";
				CLANG_CXX_LIBRARY = "libc++";
				CLANG_ENABLE_MODULES = YES;
				CLANG_ENABLE_OBJC_ARC = YES;
				CLANG_ENABLE_OBJC_WEAK = YES;
				CLANG_WARN_BLOCK_CAPTURE_AUTORELEASING = YES;
				CLANG_WARN_BOOL_CONVERSION = YES;
				CLANG_WARN_COMMA = YES;
				CLANG_WARN_CONSTANT_CONVERSION = YES;
				CLANG_WARN_DEPRECATED_OBJC_IMPLEMENTATIONS = YES;
				CLANG_WARN_DIRECT_OBJC_ISA_USAGE = YES_ERROR;
				CLANG_WARN_DOCUMENTATION_COMMENTS = YES;
				CLANG_WARN_EMPTY_BODY = YES;
				CLANG_WARN_ENUM_CONVERSION = YES;
				CLANG_WARN_INFINITE_RECURSION = YES;
				CLANG_WARN_INT_CONVERSION = YES;
				CLANG_WARN_NON_LITERAL_NULL_CONVERSION = YES;
				CLANG_WARN_OBJC_IMPLICIT_RETAIN_SELF = YES;
				CLANG_WARN_OBJC_LITERAL_CONVERSION = YES;
				CLANG_WARN_OBJC_ROOT_CLASS = YES_ERROR;
				CLANG_WARN_QUOTED_INCLUDE_IN_FRAMEWORK_HEADER = YES;
				CLANG_WARN_RANGE_LOOP_ANALYSIS = YES;
				CLANG_WARN_STRICT_PROTOTYPES = YES;
				CLANG_WARN_SUSPICIOUS_MOVE = YES;
				CLANG_WARN_UNGUARDED_AVAILABILITY = YES_AGGRESSIVE;
				CLANG_WARN_UNREACHABLE_CODE = YES;
				CLANG_WARN__DUPLICATE_METHOD_MATCH = YES;
				COPY_PHASE_STRIP = NO;
				DEBUG_INFORMATION_FORMAT = dwarf;
				ENABLE_STRICT_OBJC_MSGSEND = YES;
				ENABLE_TESTABILITY = YES;
				GCC_C_LANGUAGE_STANDARD = gnu11;
				GCC_DYNAMIC_NO_PIC = NO;
				GCC_NO_COMMON_BLOCKS = YES;
				GCC_OPTIMIZATION_LEVEL = 0;
				GCC_PREPROCESSOR_DEFINITIONS = (
					"DEBUG=1",
					"$(inherited)",
				);
				GCC_WARN_64_TO_32_BIT_CONVERSION = YES;
				GCC_WARN_ABOUT_RETURN_TYPE = YES_ERROR;
				GCC_WARN_UNDECLARED_SELECTOR = YES;
				GCC_WARN_UNINITIALIZED_AUTOS = YES_AGGRESSIVE;
				GCC_WARN_UNUSED_FUNCTION = YES;
				GCC_WARN_UNUSED_VARIABLE = YES;
				IPHONEOS_DEPLOYMENT_TARGET = 14.0;
				MTL_ENABLE_DEBUG_INFO = INCLUDE_SOURCE;
				MTL_FAST_MATH = YES;
				ONLY_ACTIVE_ARCH = YES;
				SDKROOT = iphoneos;
				SWIFT_ACTIVE_COMPILATION_CONDITIONS = DEBUG;
				SWIFT_OPTIMIZATION_LEVEL = "-Onone";
			};
			name = Debug;
		};
		33C6A2472532F57200C299E9 /* Release */ = {
			isa = XCBuildConfiguration;
			buildSettings = {
				ALWAYS_SEARCH_USER_PATHS = NO;
				CLANG_ANALYZER_NONNULL = YES;
				CLANG_ANALYZER_NUMBER_OBJECT_CONVERSION = YES_AGGRESSIVE;
				CLANG_CXX_LANGUAGE_STANDARD = "gnu++14";
				CLANG_CXX_LIBRARY = "libc++";
				CLANG_ENABLE_MODULES = YES;
				CLANG_ENABLE_OBJC_ARC = YES;
				CLANG_ENABLE_OBJC_WEAK = YES;
				CLANG_WARN_BLOCK_CAPTURE_AUTORELEASING = YES;
				CLANG_WARN_BOOL_CONVERSION = YES;
				CLANG_WARN_COMMA = YES;
				CLANG_WARN_CONSTANT_CONVERSION = YES;
				CLANG_WARN_DEPRECATED_OBJC_IMPLEMENTATIONS = YES;
				CLANG_WARN_DIRECT_OBJC_ISA_USAGE = YES_ERROR;
				CLANG_WARN_DOCUMENTATION_COMMENTS = YES;
				CLANG_WARN_EMPTY_BODY = YES;
				CLANG_WARN_ENUM_CONVERSION = YES;
				CLANG_WARN_INFINITE_RECURSION = YES;
				CLANG_WARN_INT_CONVERSION = YES;
				CLANG_WARN_NON_LITERAL_NULL_CONVERSION = YES;
				CLANG_WARN_OBJC_IMPLICIT_RETAIN_SELF = YES;
				CLANG_WARN_OBJC_LITERAL_CONVERSION = YES;
				CLANG_WARN_OBJC_ROOT_CLASS = YES_ERROR;
				CLANG_WARN_QUOTED_INCLUDE_IN_FRAMEWORK_HEADER = YES;
				CLANG_WARN_RANGE_LOOP_ANALYSIS = YES;
				CLANG_WARN_STRICT_PROTOTYPES = YES;
				CLANG_WARN_SUSPICIOUS_MOVE = YES;
				CLANG_WARN_UNGUARDED_AVAILABILITY = YES_AGGRESSIVE;
				CLANG_WARN_UNREACHABLE_CODE = YES;
				CLANG_WARN__DUPLICATE_METHOD_MATCH = YES;
				COPY_PHASE_STRIP = NO;
				DEBUG_INFORMATION_FORMAT = "dwarf-with-dsym";
				ENABLE_NS_ASSERTIONS = NO;
				ENABLE_STRICT_OBJC_MSGSEND = YES;
				GCC_C_LANGUAGE_STANDARD = gnu11;
				GCC_NO_COMMON_BLOCKS = YES;
				GCC_WARN_64_TO_32_BIT_CONVERSION = YES;
				GCC_WARN_ABOUT_RETURN_TYPE = YES_ERROR;
				GCC_WARN_UNDECLARED_SELECTOR = YES;
				GCC_WARN_UNINITIALIZED_AUTOS = YES_AGGRESSIVE;
				GCC_WARN_UNUSED_FUNCTION = YES;
				GCC_WARN_UNUSED_VARIABLE = YES;
				IPHONEOS_DEPLOYMENT_TARGET = 14.0;
				MTL_ENABLE_DEBUG_INFO = NO;
				MTL_FAST_MATH = YES;
				SDKROOT = iphoneos;
				SWIFT_COMPILATION_MODE = wholemodule;
				SWIFT_OPTIMIZATION_LEVEL = "-O";
				VALIDATE_PRODUCT = YES;
			};
			name = Release;
		};
		33C6A2492532F57200C299E9 /* Debug */ = {
			isa = XCBuildConfiguration;
			baseConfigurationReference = 5AE7A5943AFE72963F6D74C7 /* Pods-CharSer.debug.xcconfig */;
			buildSettings = {
				ASSETCATALOG_COMPILER_APPICON_NAME = AppIcon;
				ASSETCATALOG_COMPILER_GLOBAL_ACCENT_COLOR_NAME = AccentColor;
				CODE_SIGN_STYLE = Automatic;
				INFOPLIST_FILE = CharSer/Environments/Info.plist;
				LD_RUNPATH_SEARCH_PATHS = (
					"$(inherited)",
					"@executable_path/Frameworks",
				);
				PRODUCT_BUNDLE_IDENTIFIER = kio.inc.CharSer;
				PRODUCT_NAME = "$(TARGET_NAME)";
				SWIFT_VERSION = 5.0;
				TARGETED_DEVICE_FAMILY = "1,2";
			};
			name = Debug;
		};
		33C6A24A2532F57200C299E9 /* Release */ = {
			isa = XCBuildConfiguration;
			baseConfigurationReference = CB0C5A50D45721D91FCE3422 /* Pods-CharSer.release.xcconfig */;
			buildSettings = {
				ASSETCATALOG_COMPILER_APPICON_NAME = AppIcon;
				ASSETCATALOG_COMPILER_GLOBAL_ACCENT_COLOR_NAME = AccentColor;
				CODE_SIGN_STYLE = Automatic;
				INFOPLIST_FILE = CharSer/Environments/Info.plist;
				LD_RUNPATH_SEARCH_PATHS = (
					"$(inherited)",
					"@executable_path/Frameworks",
				);
				PRODUCT_BUNDLE_IDENTIFIER = kio.inc.CharSer;
				PRODUCT_NAME = "$(TARGET_NAME)";
				SWIFT_VERSION = 5.0;
				TARGETED_DEVICE_FAMILY = "1,2";
			};
			name = Release;
		};
		33C6A24C2532F57200C299E9 /* Debug */ = {
			isa = XCBuildConfiguration;
			baseConfigurationReference = 8E7C34E99B35F5D362CC7835 /* Pods-CharSerTests.debug.xcconfig */;
			buildSettings = {
				ALWAYS_EMBED_SWIFT_STANDARD_LIBRARIES = YES;
				BUNDLE_LOADER = "$(TEST_HOST)";
				CODE_SIGN_STYLE = Automatic;
				INFOPLIST_FILE = CharSerTests/Info.plist;
				IPHONEOS_DEPLOYMENT_TARGET = 14.0;
				LD_RUNPATH_SEARCH_PATHS = (
					"$(inherited)",
					"@executable_path/Frameworks",
					"@loader_path/Frameworks",
				);
				PRODUCT_BUNDLE_IDENTIFIER = kio.inc.CharSerTests;
				PRODUCT_NAME = "$(TARGET_NAME)";
				SWIFT_VERSION = 5.0;
				TARGETED_DEVICE_FAMILY = "1,2";
				TEST_HOST = "$(BUILT_PRODUCTS_DIR)/CharSer.app/CharSer";
			};
			name = Debug;
		};
		33C6A24D2532F57200C299E9 /* Release */ = {
			isa = XCBuildConfiguration;
			baseConfigurationReference = 6833B49065C6D7A76DE2D2C3 /* Pods-CharSerTests.release.xcconfig */;
			buildSettings = {
				ALWAYS_EMBED_SWIFT_STANDARD_LIBRARIES = YES;
				BUNDLE_LOADER = "$(TEST_HOST)";
				CODE_SIGN_STYLE = Automatic;
				INFOPLIST_FILE = CharSerTests/Info.plist;
				IPHONEOS_DEPLOYMENT_TARGET = 14.0;
				LD_RUNPATH_SEARCH_PATHS = (
					"$(inherited)",
					"@executable_path/Frameworks",
					"@loader_path/Frameworks",
				);
				PRODUCT_BUNDLE_IDENTIFIER = kio.inc.CharSerTests;
				PRODUCT_NAME = "$(TARGET_NAME)";
				SWIFT_VERSION = 5.0;
				TARGETED_DEVICE_FAMILY = "1,2";
				TEST_HOST = "$(BUILT_PRODUCTS_DIR)/CharSer.app/CharSer";
			};
			name = Release;
		};
		33C6A24F2532F57200C299E9 /* Debug */ = {
			isa = XCBuildConfiguration;
			baseConfigurationReference = FB2EFDB7AF9CFB998E439C55 /* Pods-CharSer-CharSerUITests.debug.xcconfig */;
			buildSettings = {
				ALWAYS_EMBED_SWIFT_STANDARD_LIBRARIES = YES;
				CODE_SIGN_STYLE = Automatic;
				INFOPLIST_FILE = CharSerUITests/Info.plist;
				LD_RUNPATH_SEARCH_PATHS = (
					"$(inherited)",
					"@executable_path/Frameworks",
					"@loader_path/Frameworks",
				);
				PRODUCT_BUNDLE_IDENTIFIER = kio.inc.CharSerUITests;
				PRODUCT_NAME = "$(TARGET_NAME)";
				SWIFT_VERSION = 5.0;
				TARGETED_DEVICE_FAMILY = "1,2";
				TEST_TARGET_NAME = CharSer;
			};
			name = Debug;
		};
		33C6A2502532F57200C299E9 /* Release */ = {
			isa = XCBuildConfiguration;
			baseConfigurationReference = 500BF7FE322D481E57E61BA7 /* Pods-CharSer-CharSerUITests.release.xcconfig */;
			buildSettings = {
				ALWAYS_EMBED_SWIFT_STANDARD_LIBRARIES = YES;
				CODE_SIGN_STYLE = Automatic;
				INFOPLIST_FILE = CharSerUITests/Info.plist;
				LD_RUNPATH_SEARCH_PATHS = (
					"$(inherited)",
					"@executable_path/Frameworks",
					"@loader_path/Frameworks",
				);
				PRODUCT_BUNDLE_IDENTIFIER = kio.inc.CharSerUITests;
				PRODUCT_NAME = "$(TARGET_NAME)";
				SWIFT_VERSION = 5.0;
				TARGETED_DEVICE_FAMILY = "1,2";
				TEST_TARGET_NAME = CharSer;
			};
			name = Release;
		};
/* End XCBuildConfiguration section */

/* Begin XCConfigurationList section */
		33C6A2192532F56F00C299E9 /* Build configuration list for PBXProject "CharSer" */ = {
			isa = XCConfigurationList;
			buildConfigurations = (
				33C6A2462532F57200C299E9 /* Debug */,
				33C6A2472532F57200C299E9 /* Release */,
			);
			defaultConfigurationIsVisible = 0;
			defaultConfigurationName = Release;
		};
		33C6A2482532F57200C299E9 /* Build configuration list for PBXNativeTarget "CharSer" */ = {
			isa = XCConfigurationList;
			buildConfigurations = (
				33C6A2492532F57200C299E9 /* Debug */,
				33C6A24A2532F57200C299E9 /* Release */,
			);
			defaultConfigurationIsVisible = 0;
			defaultConfigurationName = Release;
		};
		33C6A24B2532F57200C299E9 /* Build configuration list for PBXNativeTarget "CharSerTests" */ = {
			isa = XCConfigurationList;
			buildConfigurations = (
				33C6A24C2532F57200C299E9 /* Debug */,
				33C6A24D2532F57200C299E9 /* Release */,
			);
			defaultConfigurationIsVisible = 0;
			defaultConfigurationName = Release;
		};
		33C6A24E2532F57200C299E9 /* Build configuration list for PBXNativeTarget "CharSerUITests" */ = {
			isa = XCConfigurationList;
			buildConfigurations = (
				33C6A24F2532F57200C299E9 /* Debug */,
				33C6A2502532F57200C299E9 /* Release */,
			);
			defaultConfigurationIsVisible = 0;
			defaultConfigurationName = Release;
		};
/* End XCConfigurationList section */

/* Begin XCVersionGroup section */
		33393830254E9A2700EA9457 /* CharSer.xcdatamodeld */ = {
			isa = XCVersionGroup;
			children = (
				33393831254E9A2700EA9457 /* CharSer.xcdatamodel */,
			);
			currentVersion = 33393831254E9A2700EA9457 /* CharSer.xcdatamodel */;
			path = CharSer.xcdatamodeld;
			sourceTree = "<group>";
			versionGroupType = wrapper.xcdatamodel;
		};
/* End XCVersionGroup section */
	};
	rootObject = 33C6A2162532F56F00C299E9 /* Project object */;
}
